// !$*UTF8*$!
{
	archiveVersion = 1;
	classes = {
	};
	objectVersion = 56;
	objects = {

/* Begin PBXBuildFile section */
		030062992C0A833200B0242D /* CreateButtonView.swift in Sources */ = {isa = PBXBuildFile; fileRef = 030062982C0A833200B0242D /* CreateButtonView.swift */; };
		0300629B2C0D209400B0242D /* UserDefaults.swift in Sources */ = {isa = PBXBuildFile; fileRef = 0300629A2C0D209400B0242D /* UserDefaults.swift */; };
		0300629D2C0D229800B0242D /* BlackMenuBarView.swift in Sources */ = {isa = PBXBuildFile; fileRef = 0300629C2C0D229800B0242D /* BlackMenuBarView.swift */; };
		030062A72C0FE8A100B0242D /* WebClipBrowserMenuView.swift in Sources */ = {isa = PBXBuildFile; fileRef = 030062A62C0FE8A100B0242D /* WebClipBrowserMenuView.swift */; };
		030062B42C112BD100B0242D /* WebClip.swift in Sources */ = {isa = PBXBuildFile; fileRef = 030062B32C112BD100B0242D /* WebClip.swift */; };
		03553FE32C41F6A800FCB4CC /* WebClipSelectorViewModel.swift in Sources */ = {isa = PBXBuildFile; fileRef = 03553FE22C41F6A800FCB4CC /* WebClipSelectorViewModel.swift */; };
		036D58E52C3C99300042D491 /* WebClipManagerViewModel.swift in Sources */ = {isa = PBXBuildFile; fileRef = 036D58E42C3C99300042D491 /* WebClipManagerViewModel.swift */; };
		036F46562C5AE066005E1377 /* NotificationManager.swift in Sources */ = {isa = PBXBuildFile; fileRef = 036F46552C5AE066005E1377 /* NotificationManager.swift */; };
		036F465C2C5AE85F005E1377 /* SnapshotTimelineModel.swift in Sources */ = {isa = PBXBuildFile; fileRef = 036F465B2C5AE85F005E1377 /* SnapshotTimelineModel.swift */; };
		03778E402C35E740009CB9A1 /* captureElements.js in Resources */ = {isa = PBXBuildFile; fileRef = 03778E3E2C35E6FC009CB9A1 /* captureElements.js */; };
		03778E422C36028F009CB9A1 /* CapturedElement.swift in Sources */ = {isa = PBXBuildFile; fileRef = 03778E412C36028F009CB9A1 /* CapturedElement.swift */; };
		0378B8672C096D850005BAE5 /* glanceablesApp.swift in Sources */ = {isa = PBXBuildFile; fileRef = 0378B8662C096D850005BAE5 /* glanceablesApp.swift */; };
		0378B8692C096D850005BAE5 /* ContentView.swift in Sources */ = {isa = PBXBuildFile; fileRef = 0378B8682C096D850005BAE5 /* ContentView.swift */; };
		0378B86D2C096D860005BAE5 /* Assets.xcassets in Resources */ = {isa = PBXBuildFile; fileRef = 0378B86C2C096D860005BAE5 /* Assets.xcassets */; };
		0378B8702C096D860005BAE5 /* Preview Assets.xcassets in Resources */ = {isa = PBXBuildFile; fileRef = 0378B86F2C096D860005BAE5 /* Preview Assets.xcassets */; };
		0378B8772C096DB00005BAE5 /* WebGridSingleSnapshotView.swift in Sources */ = {isa = PBXBuildFile; fileRef = 0378B8762C096DB00005BAE5 /* WebGridSingleSnapshotView.swift */; };
		038208DA2C18CAFB00606536 /* WebViewTests.swift in Sources */ = {isa = PBXBuildFile; fileRef = 038208D92C18CAFB00606536 /* WebViewTests.swift */; };
		038208E02C1BB3F400606536 /* WebViewScreenshotCapture.swift in Sources */ = {isa = PBXBuildFile; fileRef = 038208DF2C1BB3F400606536 /* WebViewScreenshotCapture.swift */; };
		038208E22C1BB40400606536 /* WebViewSnapshotRefresher.swift in Sources */ = {isa = PBXBuildFile; fileRef = 038208E12C1BB40400606536 /* WebViewSnapshotRefresher.swift */; };
		038DAC262C617A3F0000EA6A /* WebClipCreatorView.swift in Sources */ = {isa = PBXBuildFile; fileRef = 038DAC252C617A3F0000EA6A /* WebClipCreatorView.swift */; };
		038DAC282C6182140000EA6A /* BlackEditMenuBarView.swift in Sources */ = {isa = PBXBuildFile; fileRef = 038DAC272C6182140000EA6A /* BlackEditMenuBarView.swift */; };
		038DAC2A2C618AE20000EA6A /* WebClipEditorView.swift in Sources */ = {isa = PBXBuildFile; fileRef = 038DAC292C618AE20000EA6A /* WebClipEditorView.swift */; };
		038DAC2C2C61A0950000EA6A /* ChangeFeedbackFormView.swift in Sources */ = {isa = PBXBuildFile; fileRef = 038DAC2B2C61A0950000EA6A /* ChangeFeedbackFormView.swift */; };
		038DAC2F2C61C9710000EA6A /* WebClipRepositoryProtocol.swift in Sources */ = {isa = PBXBuildFile; fileRef = 038DAC2E2C61C9710000EA6A /* WebClipRepositoryProtocol.swift */; };
		038DAC312C61C97D0000EA6A /* WebClipUserDefaultsRepository.swift in Sources */ = {isa = PBXBuildFile; fileRef = 038DAC302C61C97D0000EA6A /* WebClipUserDefaultsRepository.swift */; };
		03A868512C4865C900CCB79D /* CaptureRectangleView.swift in Sources */ = {isa = PBXBuildFile; fileRef = 03A868502C4865C900CCB79D /* CaptureRectangleView.swift */; };
		03A868532C48692A00CCB79D /* SaveButtonView.swift in Sources */ = {isa = PBXBuildFile; fileRef = 03A868522C48692A00CCB79D /* SaveButtonView.swift */; };
		03A868552C48871000CCB79D /* LlamaAPIManager.swift in Sources */ = {isa = PBXBuildFile; fileRef = 03A868542C48871000CCB79D /* LlamaAPIManager.swift */; };
		03A868572C48880600CCB79D /* Response.swift in Sources */ = {isa = PBXBuildFile; fileRef = 03A868562C48880600CCB79D /* Response.swift */; };
		03A868592C489B3100CCB79D /* JavascriptLoader.swift in Sources */ = {isa = PBXBuildFile; fileRef = 03A868582C489B3100CCB79D /* JavascriptLoader.swift */; };
		03A8685B2C4B312E00CCB79D /* LlamaResult.swift in Sources */ = {isa = PBXBuildFile; fileRef = 03A8685A2C4B312E00CCB79D /* LlamaResult.swift */; };
		03A868612C4F0FB300CCB79D /* WebViewCoordinator.swift in Sources */ = {isa = PBXBuildFile; fileRef = 03A868602C4F0FB300CCB79D /* WebViewCoordinator.swift */; };
		03A868632C51FF0800CCB79D /* NavigationButtonsView.swift in Sources */ = {isa = PBXBuildFile; fileRef = 03A868622C51FF0800CCB79D /* NavigationButtonsView.swift */; };
		03B798572C62E9A400E431E4 /* SchedulerManagerViewModel.swift in Sources */ = {isa = PBXBuildFile; fileRef = 03B798562C62E9A400E431E4 /* SchedulerManagerViewModel.swift */; };
		03B798592C62EA5600E431E4 /* SchedulerModel.swift in Sources */ = {isa = PBXBuildFile; fileRef = 03B798582C62EA5600E431E4 /* SchedulerModel.swift */; };
		03B7985B2C62F0BA00E431E4 /* WebClipCreatorViewModel.swift in Sources */ = {isa = PBXBuildFile; fileRef = 03B7985A2C62F0BA00E431E4 /* WebClipCreatorViewModel.swift */; };
		03BEC9AF2C6AD34E00372E6E /* WebClipGridView.swift in Sources */ = {isa = PBXBuildFile; fileRef = 03BEC9AE2C6AD34E00372E6E /* WebClipGridView.swift */; };
		03BEC9B12C6B1CC200372E6E /* GridScreenshotView.swift in Sources */ = {isa = PBXBuildFile; fileRef = 03BEC9B02C6B1CC200372E6E /* GridScreenshotView.swift */; };
		03BEC9B32C6EAA2500372E6E /* ImageLoader.swift in Sources */ = {isa = PBXBuildFile; fileRef = 03BEC9B22C6EAA2500372E6E /* ImageLoader.swift */; };
		03C5DAD12C23A76B0061FA25 /* ScreenshotUtils.swift in Sources */ = {isa = PBXBuildFile; fileRef = 03C5DAD02C23A76B0061FA25 /* ScreenshotUtils.swift */; };
		03C5DAD32C24F0CF0061FA25 /* URLUtilities.swift in Sources */ = {isa = PBXBuildFile; fileRef = 03C5DAD22C24F0CF0061FA25 /* URLUtilities.swift */; };
		03C5DAD52C2647E20061FA25 /* CaptureModeToggleView.swift in Sources */ = {isa = PBXBuildFile; fileRef = 03C5DAD42C2647E20061FA25 /* CaptureModeToggleView.swift */; };
		03C5DAD72C264BE00061FA25 /* RedXButton.swift in Sources */ = {isa = PBXBuildFile; fileRef = 03C5DAD62C264BE00061FA25 /* RedXButton.swift */; };
		03C5DAD92C2A4DB20061FA25 /* AddURLFormView.swift in Sources */ = {isa = PBXBuildFile; fileRef = 03C5DAD82C2A4DB20061FA25 /* AddURLFormView.swift */; };
/* End PBXBuildFile section */

/* Begin PBXContainerItemProxy section */
		0355A0722C17DA8B005BBAF3 /* PBXContainerItemProxy */ = {
			isa = PBXContainerItemProxy;
			containerPortal = 0378B85B2C096D850005BAE5 /* Project object */;
			proxyType = 1;
			remoteGlobalIDString = 0378B8622C096D850005BAE5;
			remoteInfo = glanceables;
		};
/* End PBXContainerItemProxy section */

/* Begin PBXFileReference section */
		030062982C0A833200B0242D /* CreateButtonView.swift */ = {isa = PBXFileReference; lastKnownFileType = sourcecode.swift; path = CreateButtonView.swift; sourceTree = "<group>"; };
		0300629A2C0D209400B0242D /* UserDefaults.swift */ = {isa = PBXFileReference; lastKnownFileType = sourcecode.swift; path = UserDefaults.swift; sourceTree = "<group>"; };
		0300629C2C0D229800B0242D /* BlackMenuBarView.swift */ = {isa = PBXFileReference; lastKnownFileType = sourcecode.swift; path = BlackMenuBarView.swift; sourceTree = "<group>"; };
		030062A62C0FE8A100B0242D /* WebClipBrowserMenuView.swift */ = {isa = PBXFileReference; lastKnownFileType = sourcecode.swift; path = WebClipBrowserMenuView.swift; sourceTree = "<group>"; };
		030062B32C112BD100B0242D /* WebClip.swift */ = {isa = PBXFileReference; lastKnownFileType = sourcecode.swift; name = WebClip.swift; path = glanceables/Model/WebClip.swift; sourceTree = SOURCE_ROOT; };
		03553FE22C41F6A800FCB4CC /* WebClipSelectorViewModel.swift */ = {isa = PBXFileReference; lastKnownFileType = sourcecode.swift; path = WebClipSelectorViewModel.swift; sourceTree = "<group>"; };
		0355A0672C17D741005BBAF3 /* XCTest.framework */ = {isa = PBXFileReference; lastKnownFileType = wrapper.framework; name = XCTest.framework; path = Platforms/iPhoneOS.platform/Developer/Library/Frameworks/XCTest.framework; sourceTree = DEVELOPER_DIR; };
		0355A06E2C17DA8B005BBAF3 /* glanceablesTests.xctest */ = {isa = PBXFileReference; explicitFileType = wrapper.cfbundle; includeInIndex = 0; path = glanceablesTests.xctest; sourceTree = BUILT_PRODUCTS_DIR; };
		036D58E42C3C99300042D491 /* WebClipManagerViewModel.swift */ = {isa = PBXFileReference; lastKnownFileType = sourcecode.swift; path = WebClipManagerViewModel.swift; sourceTree = "<group>"; };
		036F46552C5AE066005E1377 /* NotificationManager.swift */ = {isa = PBXFileReference; lastKnownFileType = sourcecode.swift; path = NotificationManager.swift; sourceTree = "<group>"; };
		036F465B2C5AE85F005E1377 /* SnapshotTimelineModel.swift */ = {isa = PBXFileReference; lastKnownFileType = sourcecode.swift; path = SnapshotTimelineModel.swift; sourceTree = "<group>"; };
		03778E3E2C35E6FC009CB9A1 /* captureElements.js */ = {isa = PBXFileReference; lastKnownFileType = sourcecode.javascript; path = captureElements.js; sourceTree = "<group>"; };
		03778E412C36028F009CB9A1 /* CapturedElement.swift */ = {isa = PBXFileReference; lastKnownFileType = sourcecode.swift; path = CapturedElement.swift; sourceTree = "<group>"; };
		0378B8632C096D850005BAE5 /* glanceables.app */ = {isa = PBXFileReference; explicitFileType = wrapper.application; includeInIndex = 0; path = glanceables.app; sourceTree = BUILT_PRODUCTS_DIR; };
		0378B8662C096D850005BAE5 /* glanceablesApp.swift */ = {isa = PBXFileReference; lastKnownFileType = sourcecode.swift; path = glanceablesApp.swift; sourceTree = "<group>"; };
		0378B8682C096D850005BAE5 /* ContentView.swift */ = {isa = PBXFileReference; lastKnownFileType = sourcecode.swift; path = ContentView.swift; sourceTree = "<group>"; };
		0378B86C2C096D860005BAE5 /* Assets.xcassets */ = {isa = PBXFileReference; lastKnownFileType = folder.assetcatalog; path = Assets.xcassets; sourceTree = "<group>"; };
		0378B86F2C096D860005BAE5 /* Preview Assets.xcassets */ = {isa = PBXFileReference; lastKnownFileType = folder.assetcatalog; path = "Preview Assets.xcassets"; sourceTree = "<group>"; };
		0378B8762C096DB00005BAE5 /* WebGridSingleSnapshotView.swift */ = {isa = PBXFileReference; lastKnownFileType = sourcecode.swift; path = WebGridSingleSnapshotView.swift; sourceTree = "<group>"; };
		038208D92C18CAFB00606536 /* WebViewTests.swift */ = {isa = PBXFileReference; lastKnownFileType = sourcecode.swift; path = WebViewTests.swift; sourceTree = "<group>"; };
		038208DF2C1BB3F400606536 /* WebViewScreenshotCapture.swift */ = {isa = PBXFileReference; lastKnownFileType = sourcecode.swift; path = WebViewScreenshotCapture.swift; sourceTree = "<group>"; };
		038208E12C1BB40400606536 /* WebViewSnapshotRefresher.swift */ = {isa = PBXFileReference; lastKnownFileType = sourcecode.swift; path = WebViewSnapshotRefresher.swift; sourceTree = "<group>"; };
		038DAC252C617A3F0000EA6A /* WebClipCreatorView.swift */ = {isa = PBXFileReference; lastKnownFileType = sourcecode.swift; path = WebClipCreatorView.swift; sourceTree = "<group>"; };
		038DAC272C6182140000EA6A /* BlackEditMenuBarView.swift */ = {isa = PBXFileReference; lastKnownFileType = sourcecode.swift; path = BlackEditMenuBarView.swift; sourceTree = "<group>"; };
		038DAC292C618AE20000EA6A /* WebClipEditorView.swift */ = {isa = PBXFileReference; lastKnownFileType = sourcecode.swift; path = WebClipEditorView.swift; sourceTree = "<group>"; };
		038DAC2B2C61A0950000EA6A /* ChangeFeedbackFormView.swift */ = {isa = PBXFileReference; lastKnownFileType = sourcecode.swift; path = ChangeFeedbackFormView.swift; sourceTree = "<group>"; };
		038DAC2E2C61C9710000EA6A /* WebClipRepositoryProtocol.swift */ = {isa = PBXFileReference; lastKnownFileType = sourcecode.swift; path = WebClipRepositoryProtocol.swift; sourceTree = "<group>"; };
		038DAC302C61C97D0000EA6A /* WebClipUserDefaultsRepository.swift */ = {isa = PBXFileReference; lastKnownFileType = sourcecode.swift; path = WebClipUserDefaultsRepository.swift; sourceTree = "<group>"; };
		03A868502C4865C900CCB79D /* CaptureRectangleView.swift */ = {isa = PBXFileReference; lastKnownFileType = sourcecode.swift; path = CaptureRectangleView.swift; sourceTree = "<group>"; };
		03A868522C48692A00CCB79D /* SaveButtonView.swift */ = {isa = PBXFileReference; lastKnownFileType = sourcecode.swift; path = SaveButtonView.swift; sourceTree = "<group>"; };
		03A868542C48871000CCB79D /* LlamaAPIManager.swift */ = {isa = PBXFileReference; lastKnownFileType = sourcecode.swift; path = LlamaAPIManager.swift; sourceTree = "<group>"; };
		03A868562C48880600CCB79D /* Response.swift */ = {isa = PBXFileReference; lastKnownFileType = sourcecode.swift; path = Response.swift; sourceTree = "<group>"; };
		03A868582C489B3100CCB79D /* JavascriptLoader.swift */ = {isa = PBXFileReference; lastKnownFileType = sourcecode.swift; path = JavascriptLoader.swift; sourceTree = "<group>"; };
		03A8685A2C4B312E00CCB79D /* LlamaResult.swift */ = {isa = PBXFileReference; lastKnownFileType = sourcecode.swift; path = LlamaResult.swift; sourceTree = "<group>"; };
		03A868602C4F0FB300CCB79D /* WebViewCoordinator.swift */ = {isa = PBXFileReference; lastKnownFileType = sourcecode.swift; path = WebViewCoordinator.swift; sourceTree = "<group>"; };
		03A868622C51FF0800CCB79D /* NavigationButtonsView.swift */ = {isa = PBXFileReference; lastKnownFileType = sourcecode.swift; path = NavigationButtonsView.swift; sourceTree = "<group>"; };
		03B798562C62E9A400E431E4 /* SchedulerManagerViewModel.swift */ = {isa = PBXFileReference; lastKnownFileType = sourcecode.swift; path = SchedulerManagerViewModel.swift; sourceTree = "<group>"; };
		03B798582C62EA5600E431E4 /* SchedulerModel.swift */ = {isa = PBXFileReference; lastKnownFileType = sourcecode.swift; path = SchedulerModel.swift; sourceTree = "<group>"; };
		03B7985A2C62F0BA00E431E4 /* WebClipCreatorViewModel.swift */ = {isa = PBXFileReference; lastKnownFileType = sourcecode.swift; path = WebClipCreatorViewModel.swift; sourceTree = "<group>"; };
		03BEC9AE2C6AD34E00372E6E /* WebClipGridView.swift */ = {isa = PBXFileReference; lastKnownFileType = sourcecode.swift; path = WebClipGridView.swift; sourceTree = "<group>"; };
		03BEC9B02C6B1CC200372E6E /* GridScreenshotView.swift */ = {isa = PBXFileReference; lastKnownFileType = sourcecode.swift; path = GridScreenshotView.swift; sourceTree = "<group>"; };
		03BEC9B22C6EAA2500372E6E /* ImageLoader.swift */ = {isa = PBXFileReference; lastKnownFileType = sourcecode.swift; path = ImageLoader.swift; sourceTree = "<group>"; };
		03C5DAD02C23A76B0061FA25 /* ScreenshotUtils.swift */ = {isa = PBXFileReference; lastKnownFileType = sourcecode.swift; name = ScreenshotUtils.swift; path = glanceables/Utilities/ScreenshotUtils.swift; sourceTree = SOURCE_ROOT; };
		03C5DAD22C24F0CF0061FA25 /* URLUtilities.swift */ = {isa = PBXFileReference; lastKnownFileType = sourcecode.swift; path = URLUtilities.swift; sourceTree = "<group>"; };
		03C5DAD42C2647E20061FA25 /* CaptureModeToggleView.swift */ = {isa = PBXFileReference; lastKnownFileType = sourcecode.swift; path = CaptureModeToggleView.swift; sourceTree = "<group>"; };
		03C5DAD62C264BE00061FA25 /* RedXButton.swift */ = {isa = PBXFileReference; lastKnownFileType = sourcecode.swift; path = RedXButton.swift; sourceTree = "<group>"; };
		03C5DAD82C2A4DB20061FA25 /* AddURLFormView.swift */ = {isa = PBXFileReference; lastKnownFileType = sourcecode.swift; name = AddURLFormView.swift; path = glanceables/View/AddURLFormView.swift; sourceTree = SOURCE_ROOT; };
		03DF92F42C40B98A00625AEB /* glanceables.entitlements */ = {isa = PBXFileReference; lastKnownFileType = text.plist.entitlements; path = glanceables.entitlements; sourceTree = "<group>"; };
/* End PBXFileReference section */

/* Begin PBXFrameworksBuildPhase section */
		0355A06B2C17DA8B005BBAF3 /* Frameworks */ = {
			isa = PBXFrameworksBuildPhase;
			buildActionMask = 2147483647;
			files = (
			);
			runOnlyForDeploymentPostprocessing = 0;
		};
		0378B8602C096D850005BAE5 /* Frameworks */ = {
			isa = PBXFrameworksBuildPhase;
			buildActionMask = 2147483647;
			files = (
			);
			runOnlyForDeploymentPostprocessing = 0;
		};
/* End PBXFrameworksBuildPhase section */

/* Begin PBXGroup section */
		0355A0662C17D741005BBAF3 /* Frameworks */ = {
			isa = PBXGroup;
			children = (
				0355A0672C17D741005BBAF3 /* XCTest.framework */,
			);
			name = Frameworks;
			sourceTree = "<group>";
		};
		0355A06F2C17DA8B005BBAF3 /* glanceablesTests */ = {
			isa = PBXGroup;
			children = (
				038208D92C18CAFB00606536 /* WebViewTests.swift */,
			);
			path = glanceablesTests;
			sourceTree = "<group>";
		};
		0378B85A2C096D850005BAE5 = {
			isa = PBXGroup;
			children = (
				0378B8652C096D850005BAE5 /* glanceables */,
				0355A06F2C17DA8B005BBAF3 /* glanceablesTests */,
				0378B8642C096D850005BAE5 /* Products */,
				0355A0662C17D741005BBAF3 /* Frameworks */,
			);
			sourceTree = "<group>";
		};
		0378B8642C096D850005BAE5 /* Products */ = {
			isa = PBXGroup;
			children = (
				0378B8632C096D850005BAE5 /* glanceables.app */,
				0355A06E2C17DA8B005BBAF3 /* glanceablesTests.xctest */,
			);
			name = Products;
			sourceTree = "<group>";
		};
		0378B8652C096D850005BAE5 /* glanceables */ = {
			isa = PBXGroup;
			children = (
				03DF92F42C40B98A00625AEB /* glanceables.entitlements */,
				038DAC2D2C61C9600000EA6A /* Repository */,
				03A8685D2C4EE54200CCB79D /* View */,
				03A8685F2C4EE63500CCB79D /* Utilities */,
				03A868562C48880600CCB79D /* Response.swift */,
				038208DF2C1BB3F400606536 /* WebViewScreenshotCapture.swift */,
				03A8685E2C4EE5B300CCB79D /* ViewModel */,
				03A8685C2C4EE50600CCB79D /* Model */,
				03778E3E2C35E6FC009CB9A1 /* captureElements.js */,
				0378B8662C096D850005BAE5 /* glanceablesApp.swift */,
				0378B8682C096D850005BAE5 /* ContentView.swift */,
				0378B86C2C096D860005BAE5 /* Assets.xcassets */,
				0378B86E2C096D860005BAE5 /* Preview Content */,
			);
			path = glanceables;
			sourceTree = "<group>";
		};
		0378B86E2C096D860005BAE5 /* Preview Content */ = {
			isa = PBXGroup;
			children = (
				0378B86F2C096D860005BAE5 /* Preview Assets.xcassets */,
			);
			path = "Preview Content";
			sourceTree = "<group>";
		};
		038DAC2D2C61C9600000EA6A /* Repository */ = {
			isa = PBXGroup;
			children = (
				038DAC2E2C61C9710000EA6A /* WebClipRepositoryProtocol.swift */,
				038DAC302C61C97D0000EA6A /* WebClipUserDefaultsRepository.swift */,
			);
			path = Repository;
			sourceTree = "<group>";
		};
		03A8685C2C4EE50600CCB79D /* Model */ = {
			isa = PBXGroup;
			children = (
				03778E412C36028F009CB9A1 /* CapturedElement.swift */,
				03A8685A2C4B312E00CCB79D /* LlamaResult.swift */,
				030062B32C112BD100B0242D /* WebClip.swift */,
				036F465B2C5AE85F005E1377 /* SnapshotTimelineModel.swift */,
				03B798582C62EA5600E431E4 /* SchedulerModel.swift */,
			);
			path = Model;
			sourceTree = "<group>";
		};
		03A8685D2C4EE54200CCB79D /* View */ = {
			isa = PBXGroup;
			children = (
				03C5DAD82C2A4DB20061FA25 /* AddURLFormView.swift */,
				03A868622C51FF0800CCB79D /* NavigationButtonsView.swift */,
				0300629C2C0D229800B0242D /* BlackMenuBarView.swift */,
				038DAC272C6182140000EA6A /* BlackEditMenuBarView.swift */,
				03C5DAD42C2647E20061FA25 /* CaptureModeToggleView.swift */,
				03A868502C4865C900CCB79D /* CaptureRectangleView.swift */,
				030062A62C0FE8A100B0242D /* WebClipBrowserMenuView.swift */,
				0378B8762C096DB00005BAE5 /* WebGridSingleSnapshotView.swift */,
				030062982C0A833200B0242D /* CreateButtonView.swift */,
				03A868522C48692A00CCB79D /* SaveButtonView.swift */,
				038208E12C1BB40400606536 /* WebViewSnapshotRefresher.swift */,
				03C5DAD62C264BE00061FA25 /* RedXButton.swift */,
				038DAC252C617A3F0000EA6A /* WebClipCreatorView.swift */,
				038DAC292C618AE20000EA6A /* WebClipEditorView.swift */,
				038DAC2B2C61A0950000EA6A /* ChangeFeedbackFormView.swift */,
				03BEC9AE2C6AD34E00372E6E /* WebClipGridView.swift */,
				03BEC9B02C6B1CC200372E6E /* GridScreenshotView.swift */,
			);
			path = View;
			sourceTree = "<group>";
		};
		03A8685E2C4EE5B300CCB79D /* ViewModel */ = {
			isa = PBXGroup;
			children = (
				03A868602C4F0FB300CCB79D /* WebViewCoordinator.swift */,
				036D58E42C3C99300042D491 /* WebClipManagerViewModel.swift */,
				03553FE22C41F6A800FCB4CC /* WebClipSelectorViewModel.swift */,
				03B798562C62E9A400E431E4 /* SchedulerManagerViewModel.swift */,
				03B7985A2C62F0BA00E431E4 /* WebClipCreatorViewModel.swift */,
			);
			path = ViewModel;
			sourceTree = "<group>";
		};
		03A8685F2C4EE63500CCB79D /* Utilities */ = {
			isa = PBXGroup;
			children = (
				03A868542C48871000CCB79D /* LlamaAPIManager.swift */,
				0300629A2C0D209400B0242D /* UserDefaults.swift */,
				036F46552C5AE066005E1377 /* NotificationManager.swift */,
				03C5DAD02C23A76B0061FA25 /* ScreenshotUtils.swift */,
				03A868582C489B3100CCB79D /* JavascriptLoader.swift */,
				03C5DAD22C24F0CF0061FA25 /* URLUtilities.swift */,
				03BEC9B22C6EAA2500372E6E /* ImageLoader.swift */,
			);
			path = Utilities;
			sourceTree = "<group>";
		};
/* End PBXGroup section */

/* Begin PBXNativeTarget section */
		0355A06D2C17DA8B005BBAF3 /* glanceablesTests */ = {
			isa = PBXNativeTarget;
			buildConfigurationList = 0355A0742C17DA8B005BBAF3 /* Build configuration list for PBXNativeTarget "glanceablesTests" */;
			buildPhases = (
				0355A06A2C17DA8B005BBAF3 /* Sources */,
				0355A06B2C17DA8B005BBAF3 /* Frameworks */,
				0355A06C2C17DA8B005BBAF3 /* Resources */,
			);
			buildRules = (
			);
			dependencies = (
				0355A0732C17DA8B005BBAF3 /* PBXTargetDependency */,
			);
			name = glanceablesTests;
			productName = glanceablesTests;
			productReference = 0355A06E2C17DA8B005BBAF3 /* glanceablesTests.xctest */;
			productType = "com.apple.product-type.bundle.unit-test";
		};
		0378B8622C096D850005BAE5 /* glanceables */ = {
			isa = PBXNativeTarget;
			buildConfigurationList = 0378B8732C096D860005BAE5 /* Build configuration list for PBXNativeTarget "glanceables" */;
			buildPhases = (
				0378B85F2C096D850005BAE5 /* Sources */,
				0378B8602C096D850005BAE5 /* Frameworks */,
				0378B8612C096D850005BAE5 /* Resources */,
			);
			buildRules = (
			);
			dependencies = (
			);
			name = glanceables;
			productName = glanceables;
			productReference = 0378B8632C096D850005BAE5 /* glanceables.app */;
			productType = "com.apple.product-type.application";
		};
/* End PBXNativeTarget section */

/* Begin PBXProject section */
		0378B85B2C096D850005BAE5 /* Project object */ = {
			isa = PBXProject;
			attributes = {
				BuildIndependentTargetsInParallel = 1;
				LastSwiftUpdateCheck = 1540;
				LastUpgradeCheck = 1540;
				TargetAttributes = {
					0355A06D2C17DA8B005BBAF3 = {
						CreatedOnToolsVersion = 15.4;
						TestTargetID = 0378B8622C096D850005BAE5;
					};
					0378B8622C096D850005BAE5 = {
						CreatedOnToolsVersion = 15.4;
					};
				};
			};
			buildConfigurationList = 0378B85E2C096D850005BAE5 /* Build configuration list for PBXProject "glanceables" */;
			compatibilityVersion = "Xcode 14.0";
			developmentRegion = en;
			hasScannedForEncodings = 0;
			knownRegions = (
				en,
				Base,
			);
			mainGroup = 0378B85A2C096D850005BAE5;
			productRefGroup = 0378B8642C096D850005BAE5 /* Products */;
			projectDirPath = "";
			projectRoot = "";
			targets = (
				0378B8622C096D850005BAE5 /* glanceables */,
				0355A06D2C17DA8B005BBAF3 /* glanceablesTests */,
			);
		};
/* End PBXProject section */

/* Begin PBXResourcesBuildPhase section */
		0355A06C2C17DA8B005BBAF3 /* Resources */ = {
			isa = PBXResourcesBuildPhase;
			buildActionMask = 2147483647;
			files = (
			);
			runOnlyForDeploymentPostprocessing = 0;
		};
		0378B8612C096D850005BAE5 /* Resources */ = {
			isa = PBXResourcesBuildPhase;
			buildActionMask = 2147483647;
			files = (
				03778E402C35E740009CB9A1 /* captureElements.js in Resources */,
				0378B8702C096D860005BAE5 /* Preview Assets.xcassets in Resources */,
				0378B86D2C096D860005BAE5 /* Assets.xcassets in Resources */,
			);
			runOnlyForDeploymentPostprocessing = 0;
		};
/* End PBXResourcesBuildPhase section */

/* Begin PBXSourcesBuildPhase section */
		0355A06A2C17DA8B005BBAF3 /* Sources */ = {
			isa = PBXSourcesBuildPhase;
			buildActionMask = 2147483647;
			files = (
				038208DA2C18CAFB00606536 /* WebViewTests.swift in Sources */,
			);
			runOnlyForDeploymentPostprocessing = 0;
		};
		0378B85F2C096D850005BAE5 /* Sources */ = {
			isa = PBXSourcesBuildPhase;
			buildActionMask = 2147483647;
			files = (
				03553FE32C41F6A800FCB4CC /* WebClipSelectorViewModel.swift in Sources */,
				03A8685B2C4B312E00CCB79D /* LlamaResult.swift in Sources */,
				03A868512C4865C900CCB79D /* CaptureRectangleView.swift in Sources */,
				03778E422C36028F009CB9A1 /* CapturedElement.swift in Sources */,
				0378B8772C096DB00005BAE5 /* WebGridSingleSnapshotView.swift in Sources */,
				03BEC9B32C6EAA2500372E6E /* ImageLoader.swift in Sources */,
				038DAC262C617A3F0000EA6A /* WebClipCreatorView.swift in Sources */,
				0378B8692C096D850005BAE5 /* ContentView.swift in Sources */,
				038208E02C1BB3F400606536 /* WebViewScreenshotCapture.swift in Sources */,
				03C5DAD32C24F0CF0061FA25 /* URLUtilities.swift in Sources */,
				03BEC9B12C6B1CC200372E6E /* GridScreenshotView.swift in Sources */,
				038DAC2F2C61C9710000EA6A /* WebClipRepositoryProtocol.swift in Sources */,
				03A868552C48871000CCB79D /* LlamaAPIManager.swift in Sources */,
				03C5DAD52C2647E20061FA25 /* CaptureModeToggleView.swift in Sources */,
				03B7985B2C62F0BA00E431E4 /* WebClipCreatorViewModel.swift in Sources */,
				0300629D2C0D229800B0242D /* BlackMenuBarView.swift in Sources */,
				038DAC282C6182140000EA6A /* BlackEditMenuBarView.swift in Sources */,
				036D58E52C3C99300042D491 /* WebClipManagerViewModel.swift in Sources */,
				030062992C0A833200B0242D /* CreateButtonView.swift in Sources */,
				0300629B2C0D209400B0242D /* UserDefaults.swift in Sources */,
				03C5DAD72C264BE00061FA25 /* RedXButton.swift in Sources */,
				03A868572C48880600CCB79D /* Response.swift in Sources */,
				03A868592C489B3100CCB79D /* JavascriptLoader.swift in Sources */,
				038208E22C1BB40400606536 /* WebViewSnapshotRefresher.swift in Sources */,
				03A868632C51FF0800CCB79D /* NavigationButtonsView.swift in Sources */,
				036F46562C5AE066005E1377 /* NotificationManager.swift in Sources */,
				038DAC2C2C61A0950000EA6A /* ChangeFeedbackFormView.swift in Sources */,
				03C5DAD92C2A4DB20061FA25 /* AddURLFormView.swift in Sources */,
				036F465C2C5AE85F005E1377 /* SnapshotTimelineModel.swift in Sources */,
				030062A72C0FE8A100B0242D /* WebClipBrowserMenuView.swift in Sources */,
				038DAC2A2C618AE20000EA6A /* WebClipEditorView.swift in Sources */,
				03C5DAD12C23A76B0061FA25 /* ScreenshotUtils.swift in Sources */,
				038DAC312C61C97D0000EA6A /* WebClipUserDefaultsRepository.swift in Sources */,
				03A868612C4F0FB300CCB79D /* WebViewCoordinator.swift in Sources */,
				03BEC9AF2C6AD34E00372E6E /* WebClipGridView.swift in Sources */,
				0378B8672C096D850005BAE5 /* glanceablesApp.swift in Sources */,
				030062B42C112BD100B0242D /* WebClip.swift in Sources */,
				03A868532C48692A00CCB79D /* SaveButtonView.swift in Sources */,
				03B798572C62E9A400E431E4 /* SchedulerManagerViewModel.swift in Sources */,
				03B798592C62EA5600E431E4 /* SchedulerModel.swift in Sources */,
			);
			runOnlyForDeploymentPostprocessing = 0;
		};
/* End PBXSourcesBuildPhase section */

/* Begin PBXTargetDependency section */
		0355A0732C17DA8B005BBAF3 /* PBXTargetDependency */ = {
			isa = PBXTargetDependency;
			target = 0378B8622C096D850005BAE5 /* glanceables */;
			targetProxy = 0355A0722C17DA8B005BBAF3 /* PBXContainerItemProxy */;
		};
/* End PBXTargetDependency section */

/* Begin XCBuildConfiguration section */
		0355A0752C17DA8B005BBAF3 /* Debug */ = {
			isa = XCBuildConfiguration;
			buildSettings = {
				BUNDLE_LOADER = "$(TEST_HOST)";
				CODE_SIGN_STYLE = Automatic;
				CURRENT_PROJECT_VERSION = 1;
				DEVELOPMENT_TEAM = F6425Y8M3J;
				GENERATE_INFOPLIST_FILE = YES;
				MARKETING_VERSION = 1.0;
				PRODUCT_BUNDLE_IDENTIFIER = glanceables.glanceablesTests;
				PRODUCT_NAME = "$(TARGET_NAME)";
				SWIFT_EMIT_LOC_STRINGS = NO;
				SWIFT_VERSION = 5.0;
				TARGETED_DEVICE_FAMILY = "1,2";
				TEST_HOST = "$(BUILT_PRODUCTS_DIR)/glanceables.app/$(BUNDLE_EXECUTABLE_FOLDER_PATH)/glanceables";
			};
			name = Debug;
		};
		0355A0762C17DA8B005BBAF3 /* Release */ = {
			isa = XCBuildConfiguration;
			buildSettings = {
				BUNDLE_LOADER = "$(TEST_HOST)";
				"CODE_SIGN_IDENTITY[sdk=macosx*]" = "Apple Development";
				CODE_SIGN_STYLE = Manual;
				CURRENT_PROJECT_VERSION = 1;
				DEVELOPMENT_TEAM = "";
				"DEVELOPMENT_TEAM[sdk=macosx*]" = F6425Y8M3J;
				GENERATE_INFOPLIST_FILE = YES;
				MARKETING_VERSION = 1.0;
				PRODUCT_BUNDLE_IDENTIFIER = glanceables.glanceablesTests;
				PRODUCT_NAME = "$(TARGET_NAME)";
				PROVISIONING_PROFILE_SPECIFIER = "";
				"PROVISIONING_PROFILE_SPECIFIER[sdk=macosx*]" = "";
				SWIFT_EMIT_LOC_STRINGS = NO;
				SWIFT_VERSION = 5.0;
				TARGETED_DEVICE_FAMILY = "1,2";
				TEST_HOST = "$(BUILT_PRODUCTS_DIR)/glanceables.app/$(BUNDLE_EXECUTABLE_FOLDER_PATH)/glanceables";
			};
			name = Release;
		};
		0378B8712C096D860005BAE5 /* Debug */ = {
			isa = XCBuildConfiguration;
			buildSettings = {
				ALWAYS_SEARCH_USER_PATHS = NO;
				ASSETCATALOG_COMPILER_GENERATE_SWIFT_ASSET_SYMBOL_EXTENSIONS = YES;
				CLANG_ANALYZER_NONNULL = YES;
				CLANG_ANALYZER_NUMBER_OBJECT_CONVERSION = YES_AGGRESSIVE;
				CLANG_CXX_LANGUAGE_STANDARD = "gnu++20";
				CLANG_ENABLE_MODULES = YES;
				CLANG_ENABLE_OBJC_ARC = YES;
				CLANG_ENABLE_OBJC_WEAK = YES;
				CLANG_WARN_BLOCK_CAPTURE_AUTORELEASING = YES;
				CLANG_WARN_BOOL_CONVERSION = YES;
				CLANG_WARN_COMMA = YES;
				CLANG_WARN_CONSTANT_CONVERSION = YES;
				CLANG_WARN_DEPRECATED_OBJC_IMPLEMENTATIONS = YES;
				CLANG_WARN_DIRECT_OBJC_ISA_USAGE = YES_ERROR;
				CLANG_WARN_DOCUMENTATION_COMMENTS = YES;
				CLANG_WARN_EMPTY_BODY = YES;
				CLANG_WARN_ENUM_CONVERSION = YES;
				CLANG_WARN_INFINITE_RECURSION = YES;
				CLANG_WARN_INT_CONVERSION = YES;
				CLANG_WARN_NON_LITERAL_NULL_CONVERSION = YES;
				CLANG_WARN_OBJC_IMPLICIT_RETAIN_SELF = YES;
				CLANG_WARN_OBJC_LITERAL_CONVERSION = YES;
				CLANG_WARN_OBJC_ROOT_CLASS = YES_ERROR;
				CLANG_WARN_QUOTED_INCLUDE_IN_FRAMEWORK_HEADER = YES;
				CLANG_WARN_RANGE_LOOP_ANALYSIS = YES;
				CLANG_WARN_STRICT_PROTOTYPES = YES;
				CLANG_WARN_SUSPICIOUS_MOVE = YES;
				CLANG_WARN_UNGUARDED_AVAILABILITY = YES_AGGRESSIVE;
				CLANG_WARN_UNREACHABLE_CODE = YES;
				CLANG_WARN__DUPLICATE_METHOD_MATCH = YES;
				COPY_PHASE_STRIP = NO;
				DEBUG_INFORMATION_FORMAT = dwarf;
				ENABLE_STRICT_OBJC_MSGSEND = YES;
				ENABLE_TESTABILITY = YES;
				ENABLE_USER_SCRIPT_SANDBOXING = YES;
				GCC_C_LANGUAGE_STANDARD = gnu17;
				GCC_DYNAMIC_NO_PIC = NO;
				GCC_NO_COMMON_BLOCKS = YES;
				GCC_OPTIMIZATION_LEVEL = 0;
				GCC_PREPROCESSOR_DEFINITIONS = (
					"DEBUG=1",
					"$(inherited)",
				);
				GCC_WARN_64_TO_32_BIT_CONVERSION = YES;
				GCC_WARN_ABOUT_RETURN_TYPE = YES_ERROR;
				GCC_WARN_UNDECLARED_SELECTOR = YES;
				GCC_WARN_UNINITIALIZED_AUTOS = YES_AGGRESSIVE;
				GCC_WARN_UNUSED_FUNCTION = YES;
				GCC_WARN_UNUSED_VARIABLE = YES;
				IPHONEOS_DEPLOYMENT_TARGET = 17.5;
				LOCALIZATION_PREFERS_STRING_CATALOGS = YES;
				MTL_ENABLE_DEBUG_INFO = INCLUDE_SOURCE;
				MTL_FAST_MATH = YES;
				ONLY_ACTIVE_ARCH = YES;
				SDKROOT = iphoneos;
				SWIFT_ACTIVE_COMPILATION_CONDITIONS = "DEBUG $(inherited)";
				SWIFT_OPTIMIZATION_LEVEL = "-Onone";
			};
			name = Debug;
		};
		0378B8722C096D860005BAE5 /* Release */ = {
			isa = XCBuildConfiguration;
			buildSettings = {
				ALWAYS_SEARCH_USER_PATHS = NO;
				ASSETCATALOG_COMPILER_GENERATE_SWIFT_ASSET_SYMBOL_EXTENSIONS = YES;
				CLANG_ANALYZER_NONNULL = YES;
				CLANG_ANALYZER_NUMBER_OBJECT_CONVERSION = YES_AGGRESSIVE;
				CLANG_CXX_LANGUAGE_STANDARD = "gnu++20";
				CLANG_ENABLE_MODULES = YES;
				CLANG_ENABLE_OBJC_ARC = YES;
				CLANG_ENABLE_OBJC_WEAK = YES;
				CLANG_WARN_BLOCK_CAPTURE_AUTORELEASING = YES;
				CLANG_WARN_BOOL_CONVERSION = YES;
				CLANG_WARN_COMMA = YES;
				CLANG_WARN_CONSTANT_CONVERSION = YES;
				CLANG_WARN_DEPRECATED_OBJC_IMPLEMENTATIONS = YES;
				CLANG_WARN_DIRECT_OBJC_ISA_USAGE = YES_ERROR;
				CLANG_WARN_DOCUMENTATION_COMMENTS = YES;
				CLANG_WARN_EMPTY_BODY = YES;
				CLANG_WARN_ENUM_CONVERSION = YES;
				CLANG_WARN_INFINITE_RECURSION = YES;
				CLANG_WARN_INT_CONVERSION = YES;
				CLANG_WARN_NON_LITERAL_NULL_CONVERSION = YES;
				CLANG_WARN_OBJC_IMPLICIT_RETAIN_SELF = YES;
				CLANG_WARN_OBJC_LITERAL_CONVERSION = YES;
				CLANG_WARN_OBJC_ROOT_CLASS = YES_ERROR;
				CLANG_WARN_QUOTED_INCLUDE_IN_FRAMEWORK_HEADER = YES;
				CLANG_WARN_RANGE_LOOP_ANALYSIS = YES;
				CLANG_WARN_STRICT_PROTOTYPES = YES;
				CLANG_WARN_SUSPICIOUS_MOVE = YES;
				CLANG_WARN_UNGUARDED_AVAILABILITY = YES_AGGRESSIVE;
				CLANG_WARN_UNREACHABLE_CODE = YES;
				CLANG_WARN__DUPLICATE_METHOD_MATCH = YES;
				COPY_PHASE_STRIP = NO;
				DEBUG_INFORMATION_FORMAT = "dwarf-with-dsym";
				ENABLE_NS_ASSERTIONS = NO;
				ENABLE_STRICT_OBJC_MSGSEND = YES;
				ENABLE_USER_SCRIPT_SANDBOXING = YES;
				GCC_C_LANGUAGE_STANDARD = gnu17;
				GCC_NO_COMMON_BLOCKS = YES;
				GCC_WARN_64_TO_32_BIT_CONVERSION = YES;
				GCC_WARN_ABOUT_RETURN_TYPE = YES_ERROR;
				GCC_WARN_UNDECLARED_SELECTOR = YES;
				GCC_WARN_UNINITIALIZED_AUTOS = YES_AGGRESSIVE;
				GCC_WARN_UNUSED_FUNCTION = YES;
				GCC_WARN_UNUSED_VARIABLE = YES;
				IPHONEOS_DEPLOYMENT_TARGET = 17.5;
				LOCALIZATION_PREFERS_STRING_CATALOGS = YES;
				MTL_ENABLE_DEBUG_INFO = NO;
				MTL_FAST_MATH = YES;
				SDKROOT = iphoneos;
				SWIFT_COMPILATION_MODE = wholemodule;
				VALIDATE_PRODUCT = YES;
			};
			name = Release;
		};
		0378B8742C096D860005BAE5 /* Debug */ = {
			isa = XCBuildConfiguration;
			buildSettings = {
				ASSETCATALOG_COMPILER_APPICON_NAME = AppIcon;
				ASSETCATALOG_COMPILER_GLOBAL_ACCENT_COLOR_NAME = AccentColor;
				CODE_SIGN_ENTITLEMENTS = glanceables/glanceables.entitlements;
				CODE_SIGN_STYLE = Automatic;
				CURRENT_PROJECT_VERSION = 1;
				DEVELOPMENT_ASSET_PATHS = "\"glanceables/Preview Content\"";
				DEVELOPMENT_TEAM = F6425Y8M3J;
				ENABLE_PREVIEWS = YES;
				GENERATE_INFOPLIST_FILE = YES;
				INFOPLIST_KEY_UIApplicationSceneManifest_Generation = YES;
				INFOPLIST_KEY_UIApplicationSupportsIndirectInputEvents = YES;
				INFOPLIST_KEY_UILaunchScreen_Generation = YES;
				INFOPLIST_KEY_UISupportedInterfaceOrientations_iPad = "UIInterfaceOrientationPortrait UIInterfaceOrientationPortraitUpsideDown UIInterfaceOrientationLandscapeLeft UIInterfaceOrientationLandscapeRight";
				INFOPLIST_KEY_UISupportedInterfaceOrientations_iPhone = "UIInterfaceOrientationPortrait UIInterfaceOrientationLandscapeLeft UIInterfaceOrientationLandscapeRight";
				LD_RUNPATH_SEARCH_PATHS = (
					"$(inherited)",
					"@executable_path/Frameworks",
				);
				MARKETING_VERSION = 1.1;
				PRODUCT_BUNDLE_IDENTIFIER = glanceables.glanceables;
				PRODUCT_NAME = "$(TARGET_NAME)";
				SUPPORTED_PLATFORMS = "iphoneos iphonesimulator";
				SUPPORTS_MACCATALYST = NO;
				SUPPORTS_MAC_DESIGNED_FOR_IPHONE_IPAD = YES;
				SUPPORTS_XR_DESIGNED_FOR_IPHONE_IPAD = NO;
				SWIFT_EMIT_LOC_STRINGS = YES;
				SWIFT_VERSION = 5.0;
				TARGETED_DEVICE_FAMILY = 2;
			};
			name = Debug;
		};
		0378B8752C096D860005BAE5 /* Release */ = {
			isa = XCBuildConfiguration;
			buildSettings = {
				ASSETCATALOG_COMPILER_APPICON_NAME = AppIcon;
				ASSETCATALOG_COMPILER_GLOBAL_ACCENT_COLOR_NAME = AccentColor;
				CODE_SIGN_ENTITLEMENTS = glanceables/glanceables.entitlements;
				CODE_SIGN_IDENTITY = "Apple Development";
				CODE_SIGN_STYLE = Automatic;
				CURRENT_PROJECT_VERSION = 1;
				DEVELOPMENT_ASSET_PATHS = "\"glanceables/Preview Content\"";
				DEVELOPMENT_TEAM = F6425Y8M3J;
				ENABLE_PREVIEWS = YES;
				GENERATE_INFOPLIST_FILE = YES;
				INFOPLIST_KEY_UIApplicationSceneManifest_Generation = YES;
				INFOPLIST_KEY_UIApplicationSupportsIndirectInputEvents = YES;
				INFOPLIST_KEY_UILaunchScreen_Generation = YES;
				INFOPLIST_KEY_UISupportedInterfaceOrientations_iPad = "UIInterfaceOrientationPortrait UIInterfaceOrientationPortraitUpsideDown UIInterfaceOrientationLandscapeLeft UIInterfaceOrientationLandscapeRight";
				INFOPLIST_KEY_UISupportedInterfaceOrientations_iPhone = "UIInterfaceOrientationPortrait UIInterfaceOrientationLandscapeLeft UIInterfaceOrientationLandscapeRight";
				LD_RUNPATH_SEARCH_PATHS = (
					"$(inherited)",
					"@executable_path/Frameworks",
				);
				MARKETING_VERSION = 1.1;
				PRODUCT_BUNDLE_IDENTIFIER = glanceables.glanceables;
				PRODUCT_NAME = "$(TARGET_NAME)";
				PROVISIONING_PROFILE_SPECIFIER = "";
				SUPPORTED_PLATFORMS = "iphoneos iphonesimulator";
				SUPPORTS_MACCATALYST = NO;
				SUPPORTS_MAC_DESIGNED_FOR_IPHONE_IPAD = YES;
				SUPPORTS_XR_DESIGNED_FOR_IPHONE_IPAD = NO;
				SWIFT_EMIT_LOC_STRINGS = YES;
				SWIFT_VERSION = 5.0;
				TARGETED_DEVICE_FAMILY = 2;
			};
			name = Release;
		};
/* End XCBuildConfiguration section */

/* Begin XCConfigurationList section */
		0355A0742C17DA8B005BBAF3 /* Build configuration list for PBXNativeTarget "glanceablesTests" */ = {
			isa = XCConfigurationList;
			buildConfigurations = (
				0355A0752C17DA8B005BBAF3 /* Debug */,
				0355A0762C17DA8B005BBAF3 /* Release */,
			);
			defaultConfigurationIsVisible = 0;
			defaultConfigurationName = Release;
		};
		0378B85E2C096D850005BAE5 /* Build configuration list for PBXProject "glanceables" */ = {
			isa = XCConfigurationList;
			buildConfigurations = (
				0378B8712C096D860005BAE5 /* Debug */,
				0378B8722C096D860005BAE5 /* Release */,
			);
			defaultConfigurationIsVisible = 0;
			defaultConfigurationName = Release;
		};
		0378B8732C096D860005BAE5 /* Build configuration list for PBXNativeTarget "glanceables" */ = {
			isa = XCConfigurationList;
			buildConfigurations = (
				0378B8742C096D860005BAE5 /* Debug */,
				0378B8752C096D860005BAE5 /* Release */,
			);
			defaultConfigurationIsVisible = 0;
			defaultConfigurationName = Release;
		};
/* End XCConfigurationList section */
	};
	rootObject = 0378B85B2C096D850005BAE5 /* Project object */;
}
